
Microsoft Visual Studio Solution File, Format Version 12.00
# Visual Studio Version 17
VisualStudioVersion = 17.5.002.0
MinimumVisualStudioVersion = 10.0.40219.1
Project("{9A19103F-16F7-4668-BE54-9A1E7A4F7556}") = "API", "API.csproj", "{A59C1727-34F1-4D57-92F6-7DD5A8E8CC59}"
EndProject
Global
	GlobalSection(SolutionConfigurationPlatforms) = preSolution
		Debug|Any CPU = Debug|Any CPU
		Release|Any CPU = Release|Any CPU
	EndGlobalSection
	GlobalSection(ProjectConfigurationPlatforms) = postSolution
		{A59C1727-34F1-4D57-92F6-7DD5A8E8CC59}.Debug|Any CPU.ActiveCfg = Debug|Any CPU
		{A59C1727-34F1-4D57-92F6-7DD5A8E8CC59}.Debug|Any CPU.Build.0 = Debug|Any CPU
		{A59C1727-34F1-4D57-92F6-7DD5A8E8CC59}.Release|Any CPU.ActiveCfg = Release|Any CPU
		{A59C1727-34F1-4D57-92F6-7DD5A8E8CC59}.Release|Any CPU.Build.0 = Release|Any CPU
	EndGlobalSection
	GlobalSection(SolutionProperties) = preSolution
		HideSolutionNode = FALSE
	EndGlobalSection
	GlobalSection(ExtensibilityGlobals) = postSolution
		Solutionint = {7E1A016E-73F3-42BA-88FE-2C82BCDFB4C2}
	EndGlobalSection
EndGlobal
